
Microsoft Visual Studio Solution File, Format Version 12.00
# Visual Studio Version 17
VisualStudioVersion = 17.10.34916.146
MinimumVisualStudioVersion = 10.0.40219.1
Project("{FAE04EC0-301F-11D3-BF4B-00C04F79EFBC}") = "CompanyApi", "CompanyApi\CompanyApi.csproj", "{F61D0103-87F2-4E2D-9BAE-186FC1CB3CE0}"
EndProject
Global
	GlobalSection(SolutionConfigurationPlatforms) = preSolution
		Debug|Any CPU = Debug|Any CPU
		Release|Any CPU = Release|Any CPU
	EndGlobalSection
	GlobalSection(ProjectConfigurationPlatforms) = postSolution
		{F61D0103-87F2-4E2D-9BAE-186FC1CB3CE0}.Debug|Any CPU.ActiveCfg = Debug|Any CPU
		{F61D0103-87F2-4E2D-9BAE-186FC1CB3CE0}.Debug|Any CPU.Build.0 = Debug|Any CPU
		{F61D0103-87F2-4E2D-9BAE-186FC1CB3CE0}.Release|Any CPU.ActiveCfg = Release|Any CPU
		{F61D0103-87F2-4E2D-9BAE-186FC1CB3CE0}.Release|Any CPU.Build.0 = Release|Any CPU
	EndGlobalSection
	GlobalSection(SolutionProperties) = preSolution
		HideSolutionNode = FALSE
	EndGlobalSection
	GlobalSection(ExtensibilityGlobals) = postSolution
		SolutionGuid = {67AE4005-4DCC-4A31-8E58-2FAB155CF968}
	EndGlobalSection
EndGlobal
